
Microsoft Visual Studio Solution File, Format Version 12.00
# Visual Studio Version 17
VisualStudioVersion = 17.11.35327.3
MinimumVisualStudioVersion = 10.0.40219.1
Project("{FAE04EC0-301F-11D3-BF4B-00C04F79EFBC}") = "Bsp01", "Bsp01\Bsp01.csproj", "{08FC8E5D-8607-47B0-9A21-4A0FE1335A38}"
EndProject
Global
	GlobalSection(SolutionConfigurationPlatforms) = preSolution
		Debug|Any CPU = Debug|Any CPU
		Release|Any CPU = Release|Any CPU
	EndGlobalSection
	GlobalSection(ProjectConfigurationPlatforms) = postSolution
		{08FC8E5D-8607-47B0-9A21-4A0FE1335A38}.Debug|Any CPU.ActiveCfg = Debug|Any CPU
		{08FC8E5D-8607-47B0-9A21-4A0FE1335A38}.Debug|Any CPU.Build.0 = Debug|Any CPU
		{08FC8E5D-8607-47B0-9A21-4A0FE1335A38}.Release|Any CPU.ActiveCfg = Release|Any CPU
		{08FC8E5D-8607-47B0-9A21-4A0FE1335A38}.Release|Any CPU.Build.0 = Release|Any CPU
	EndGlobalSection
	GlobalSection(SolutionProperties) = preSolution
		HideSolutionNode = FALSE
	EndGlobalSection
	GlobalSection(ExtensibilityGlobals) = postSolution
		SolutionGuid = {2972C266-A279-47DC-BC75-35F20307315F}
	EndGlobalSection
EndGlobal
